{
		"requires": true,
		"lockfileVersion": 1,
		"dependencies": {
				"@types/aws-lambda": {
						"version": "8.10.31",
						"resolved": "https://registry.npmjs.org/@types/aws-lambda/-/aws-lambda-8.10.31.tgz",
						"integrity": "sha512-xcmOvzVILQoex1oR+vjKnBP3OJn+g92r3yVzeTSmRgLQwBvSOghRPRSx3rVMQivLzAIR6atxlVu3AV9bxc/hQw=="
				},
				"@types/http-errors": {
						"version": "1.6.2",
						"resolved": "https://registry.npmjs.org/@types/http-errors/-/http-errors-1.6.2.tgz",
						"integrity": "sha512-mzJX3tIbtadNZQIDbfA9eW+mAjww7GY7WYcfKDGB5SSXMAzI8KD+5fvyX5FqcKtns346+WGwAJJ8cPsDxMz0lw=="
				},
				"accept-language-parser": {
						"version": "1.5.0",
						"resolved": "https://registry.npmjs.org/accept-language-parser/-/accept-language-parser-1.5.0.tgz",
						"integrity": "sha1-iHfFQECo3LWeCgfZwf3kIpgzR5E="
				},
				"ajv": {
						"version": "6.10.2",
						"resolved": "https://registry.npmjs.org/ajv/-/ajv-6.10.2.tgz",
						"integrity": "sha512-TXtUUEYHuaTEbLZWIKUr5pmBuhDLy+8KYtPYdcV8qC+pOZL+NKqYwvWSRrVXHn+ZmRRAu8vJTAznH7Oag6RVRw==",
						"requires": {
								"fast-deep-equal": "^2.0.1",
								"fast-json-stable-stringify": "^2.0.0",
								"json-schema-traverse": "^0.4.1",
								"uri-js": "^4.2.2"
						}
				},
				"ajv-i18n": {
						"version": "3.5.0",
						"resolved": "https://registry.npmjs.org/ajv-i18n/-/ajv-i18n-3.5.0.tgz",
						"integrity": "sha512-IR8uhRH0La4DweKHqBOVeoNo2prJ3bowWzGtNS3uDvYv5wKLgH/WQsoh6gHPVxTWXCGr+R+6I5vXDSXGAYnNPA=="
				},
				"ajv-keywords": {
						"version": "3.4.1",
						"resolved": "https://registry.npmjs.org/ajv-keywords/-/ajv-keywords-3.4.1.tgz",
						"integrity": "sha512-RO1ibKvd27e6FEShVFfPALuHI3WjSVNeK5FIsmme/LYRNxjKuNj+Dt7bucLa6NdSv3JcVTyMlm9kGR84z1XpaQ=="
				},
				"aws-sdk": {
						"version": "2.529.0",
						"resolved": "https://registry.npmjs.org/aws-sdk/-/aws-sdk-2.529.0.tgz",
						"integrity": "sha512-CtRxgI4ZVZ8cdFCddlIVIy06cEW5gzTJBpyouZ/ySgZ6BiYj+0e77LwoNsnQE2nUNWCbydTLn3dbz4ZZMDpuIg==",
						"dev": true,
						"requires": {
								"buffer": "4.9.1",
								"events": "1.1.1",
								"ieee754": "1.1.8",
								"jmespath": "0.15.0",
								"querystring": "0.2.0",
								"sax": "1.2.1",
								"url": "0.10.3",
								"uuid": "3.3.2",
								"xml2js": "0.4.19"
						}
				},
				"axios": {
						"version": "0.21.1",
						"resolved": "https://registry.npmjs.org/axios/-/axios-0.21.1.tgz",
						"integrity": "sha512-dKQiRHxGD9PPRIUNIWvZhPTPpl1rf/OxTYKsqKUDjBwYylTvV7SjSHJb9ratfyzM6wCdLCOYLzs73qpg5c4iGA==",
						"requires": {
								"follow-redirects": "^1.10.0"
						}
				},
				"base64-js": {
						"version": "1.3.1",
						"resolved": "https://registry.npmjs.org/base64-js/-/base64-js-1.3.1.tgz",
						"integrity": "sha512-mLQ4i2QO1ytvGWFWmcngKO//JXAQueZvwEKtjgQFM4jIK0kU+ytMfplL8j+n5mspOfjHwoAg+9yhb7BwAHm36g==",
						"dev": true
				},
				"buffer": {
						"version": "4.9.1",
						"resolved": "https://registry.npmjs.org/buffer/-/buffer-4.9.1.tgz",
						"integrity": "sha1-bRu2AbB6TvztlwlBMgkwJ8lbwpg=",
						"dev": true,
						"requires": {
								"base64-js": "^1.0.2",
								"ieee754": "^1.1.4",
								"isarray": "^1.0.0"
						},
						"dependencies": {
								"isarray": {
										"version": "1.0.0",
										"resolved": "https://registry.npmjs.org/isarray/-/isarray-1.0.0.tgz",
										"integrity": "sha1-u5NdSFgsuhaMBoNJV6VKPgcSTxE=",
										"dev": true
								}
						}
				},
				"busboy": {
						"version": "0.3.1",
						"resolved": "https://registry.npmjs.org/busboy/-/busboy-0.3.1.tgz",
						"integrity": "sha512-y7tTxhGKXcyBxRKAni+awqx8uqaJKrSFSNFSeRG5CsWNdmy2BIK+6VGWEW7TZnIO/533mtMEA4rOevQV815YJw==",
						"requires": {
								"dicer": "0.3.0"
						}
				},
				"clone": {
						"version": "2.1.2",
						"resolved": "https://registry.npmjs.org/clone/-/clone-2.1.2.tgz",
						"integrity": "sha1-G39Ln1kfHo+DZwQBYANFoCiHQ18="
				},
				"content-type": {
						"version": "1.0.4",
						"resolved": "https://registry.npmjs.org/content-type/-/content-type-1.0.4.tgz",
						"integrity": "sha512-hIP3EEPs8tB9AT1L+NUqtwOAps4mk2Zob89MWXMHjHWg9milF/j4osnnQLXBCBFBk/tvIG/tUc9mOUJiPBhPXA=="
				},
				"debug": {
						"version": "4.1.1",
						"resolved": "https://registry.npmjs.org/debug/-/debug-4.1.1.tgz",
						"integrity": "sha512-pYAIzeRo8J6KPEaJ0VWOh5Pzkbw/RetuzehGM7QRRX5he4fPHx2rdKMB256ehJCkX+XRQm16eZLqLNS8RSZXZw==",
						"requires": {
								"ms": "^2.1.1"
						},
						"dependencies": {
								"ms": {
										"version": "2.1.2",
										"resolved": "https://registry.npmjs.org/ms/-/ms-2.1.2.tgz",
										"integrity": "sha512-sGkPx+VjMtmA6MX27oA4FBFELFCZZ4S4XqeGOXCv68tT+jb3vk/RyaKWP0PTKyWtmLSM0b+adUTEvbs1PEaH2w=="
								}
						}
				},
				"deepmerge": {
						"version": "4.2.2",
						"resolved": "https://registry.npmjs.org/deepmerge/-/deepmerge-4.2.2.tgz",
						"integrity": "sha512-FJ3UgI4gIl+PHZm53knsuSFpE+nESMr7M4v9QcgB7S63Kj/6WqMiFQJpBBYz1Pt+66bZpP3Q7Lye0Oo9MPKEdg=="
				},
				"depd": {
						"version": "1.1.2",
						"resolved": "https://registry.npmjs.org/depd/-/depd-1.1.2.tgz",
						"integrity": "sha1-m81S4UwJd2PnSbJ0xDRu0uVgtak="
				},
				"dicer": {
						"version": "0.3.0",
						"resolved": "https://registry.npmjs.org/dicer/-/dicer-0.3.0.tgz",
						"integrity": "sha512-MdceRRWqltEG2dZqO769g27N/3PXfcKl04VhYnBlo2YhH7zPi88VebsjTKclaOyiuMaGU72hTfw3VkUitGcVCA==",
						"requires": {
								"streamsearch": "0.1.2"
						}
				},
				"dot-prop-immutable": {
						"version": "2.1.0",
						"resolved": "https://registry.npmjs.org/dot-prop-immutable/-/dot-prop-immutable-2.1.0.tgz",
						"integrity": "sha512-8IIkxeXjLkKbhbqwmqCdFzRup1wFwH4tuY7/s5ScVpzYXgjZ+lw5ocvtDG1KR9VG+/AIGgGpWBdzmq+QUFANoA=="
				},
				"events": {
						"version": "1.1.1",
						"resolved": "https://registry.npmjs.org/events/-/events-1.1.1.tgz",
						"integrity": "sha1-nr23Y1rQmccNzEwqH1AEKI6L2SQ=",
						"dev": true
				},
				"fast-deep-equal": {
						"version": "2.0.1",
						"resolved": "https://registry.npmjs.org/fast-deep-equal/-/fast-deep-equal-2.0.1.tgz",
						"integrity": "sha1-ewUhjd+WZ79/Nwv3/bLLFf3Qqkk="
				},
				"fast-json-stable-stringify": {
						"version": "2.0.0",
						"resolved": "https://registry.npmjs.org/fast-json-stable-stringify/-/fast-json-stable-stringify-2.0.0.tgz",
						"integrity": "sha1-1RQsDK7msRifh9OnYREGT4bIu/I="
				},
				"follow-redirects": {
						"version": "1.13.1",
						"resolved": "https://registry.npmjs.org/follow-redirects/-/follow-redirects-1.13.1.tgz",
						"integrity": "sha512-SSG5xmZh1mkPGyKzjZP8zLjltIfpW32Y5QpdNJyjcfGxK3qo3NDDkZOZSFiGn1A6SclQxY9GzEwAHQ3dmYRWpg=="
				},
				"http-errors": {
						"version": "1.7.3",
						"resolved": "https://registry.npmjs.org/http-errors/-/http-errors-1.7.3.tgz",
						"integrity": "sha512-ZTTX0MWrsQ2ZAhA1cejAwDLycFsd7I7nVtnkT3Ol0aqodaKW+0CTZDQ1uBv5whptCnc8e8HeRRJxRs0kmm/Qfw==",
						"requires": {
								"depd": "~1.1.2",
								"inherits": "2.0.4",
								"setprototypeof": "1.1.1",
								"statuses": ">= 1.5.0 < 2",
								"toidentifier": "1.0.0"
						}
				},
				"ieee754": {
						"version": "1.1.8",
						"resolved": "https://registry.npmjs.org/ieee754/-/ieee754-1.1.8.tgz",
						"integrity": "sha1-vjPUCsEO8ZJnAfbwii2G+/0a0+Q=",
						"dev": true
				},
				"inherits": {
						"version": "2.0.4",
						"resolved": "https://registry.npmjs.org/inherits/-/inherits-2.0.4.tgz",
						"integrity": "sha512-k/vGaX4/Yla3WzyMCvTQOXYeIHvqOKtnqBduzTHpzpQZzAskKMhZ2K+EnBiSM9zGSoIFeMpXKxa4dYeZIQqewQ=="
				},
				"isarray": {
						"version": "0.0.1",
						"resolved": "https://registry.npmjs.org/isarray/-/isarray-0.0.1.tgz",
						"integrity": "sha1-ihis/Kmo9Bd+Cav8YDiTmwXR7t8="
				},
				"jmespath": {
						"version": "0.15.0",
						"resolved": "https://registry.npmjs.org/jmespath/-/jmespath-0.15.0.tgz",
						"integrity": "sha1-o/Iiqarp+Wb10nx5ZRDigJF2Qhc=",
						"dev": true
				},
				"json-mask": {
						"version": "0.3.8",
						"resolved": "https://registry.npmjs.org/json-mask/-/json-mask-0.3.8.tgz",
						"integrity": "sha1-LWZBXeFLDovGwVFFVKkL/Kg1aUE="
				},
				"json-schema-traverse": {
						"version": "0.4.1",
						"resolved": "https://registry.npmjs.org/json-schema-traverse/-/json-schema-traverse-0.4.1.tgz",
						"integrity": "sha512-xbbCH5dCYU5T8LcEhhuh7HJ88HXuW3qsI3Y0zOZFKfZEHcpWiHU/Jxzk629Brsab/mMiHQti9wMP+845RPe3Vg=="
				},
				"lodash.find": {
						"version": "4.6.0",
						"resolved": "https://registry.npmjs.org/lodash.find/-/lodash.find-4.6.0.tgz",
						"integrity": "sha1-ywcE1Hq3F4n/oN6Ll92Sb7iLE7E="
				},
				"lodash.omit": {
						"version": "4.5.0",
						"resolved": "https://registry.npmjs.org/lodash.omit/-/lodash.omit-4.5.0.tgz",
						"integrity": "sha1-brGa5aHuHdnfC5aeZs4Lf6MLXmA="
				},
				"lodash.omitby": {
						"version": "4.6.0",
						"resolved": "https://registry.npmjs.org/lodash.omitby/-/lodash.omitby-4.6.0.tgz",
						"integrity": "sha1-XBX/R1StVVAWtTwEExHo8HkgR5E="
				},
				"lodash.reduce": {
						"version": "4.6.0",
						"resolved": "https://registry.npmjs.org/lodash.reduce/-/lodash.reduce-4.6.0.tgz",
						"integrity": "sha1-8atrg5KZrUj3hKu/R2WW8DuRTTs="
				},
				"middy": {
						"version": "0.29.0",
						"resolved": "https://registry.npmjs.org/middy/-/middy-0.29.0.tgz",
						"integrity": "sha512-AEZ6ufXbpF4LyKZ40wvv7TdT7ljdZXfRq8y4zeUbHy3VkT5i9T/scl9AIROaaJbarhNf23YUYNpXL0WGKGlYrA==",
						"requires": {
								"@types/aws-lambda": "^8.10.19",
								"@types/http-errors": "^1.6.1",
								"ajv": "^6.9.1",
								"ajv-i18n": "^3.4.0",
								"ajv-keywords": "^3.4.0",
								"busboy": "^0.3.1",
								"content-type": "^1.0.4",
								"http-errors": "^1.7.1",
								"json-mask": "^0.3.8",
								"negotiator": "^0.6.1",
								"once": "^1.4.0",
								"qs": "^6.6.0",
								"querystring": "^0.2.0"
						}
				},
				"negotiator": {
						"version": "0.6.2",
						"resolved": "https://registry.npmjs.org/negotiator/-/negotiator-0.6.2.tgz",
						"integrity": "sha512-hZXc7K2e+PgeI1eDBe/10Ard4ekbfrrqG8Ep+8Jmf4JID2bNg7NvCPOZN+kfF574pFQI7mum2AUqDidoKqcTOw=="
				},
				"node-cache": {
						"version": "5.1.0",
						"resolved": "https://registry.npmjs.org/node-cache/-/node-cache-5.1.0.tgz",
						"integrity": "sha512-gFQwYdoOztBuPlwg6DKQEf50G+gkK69aqLnw4djkmlHCzeVrLJfwvg9xl4RCAGviTIMUVoqcyoZ/V/wPEu/VVg==",
						"requires": {
								"clone": "2.x"
						}
				},
				"once": {
						"version": "1.4.0",
						"resolved": "https://registry.npmjs.org/once/-/once-1.4.0.tgz",
						"integrity": "sha1-WDsap3WWHUsROsF9nFC6753Xa9E=",
						"requires": {
								"wrappy": "1"
						}
				},
				"path-match": {
						"version": "1.2.4",
						"resolved": "https://registry.npmjs.org/path-match/-/path-match-1.2.4.tgz",
						"integrity": "sha1-pidH88fgwlFHYml/JEQ1hbCRAOo=",
						"requires": {
								"http-errors": "~1.4.0",
								"path-to-regexp": "^1.0.0"
						},
						"dependencies": {
								"http-errors": {
										"version": "1.4.0",
										"resolved": "https://registry.npmjs.org/http-errors/-/http-errors-1.4.0.tgz",
										"integrity": "sha1-bAJC3qaz33r9oVPHEImzHG6Cqr8=",
										"requires": {
												"inherits": "2.0.1",
												"statuses": ">= 1.2.1 < 2"
										}
								},
								"inherits": {
										"version": "2.0.1",
										"resolved": "https://registry.npmjs.org/inherits/-/inherits-2.0.1.tgz",
										"integrity": "sha1-sX0I0ya0Qj5Wjv9xn5GwscvfafE="
								}
						}
				},
				"path-to-regexp": {
						"version": "1.7.0",
						"resolved": "https://registry.npmjs.org/path-to-regexp/-/path-to-regexp-1.7.0.tgz",
						"integrity": "sha1-Wf3g9DW62suhA6hOnTvGTpa5k30=",
						"requires": {
								"isarray": "0.0.1"
						}
				},
				"punycode": {
						"version": "2.1.1",
						"resolved": "https://registry.npmjs.org/punycode/-/punycode-2.1.1.tgz",
						"integrity": "sha512-XRsRjdf+j5ml+y/6GKHPZbrF/8p2Yga0JPtdqTIY2Xe5ohJPD9saDJJLPvp9+NSBprVvevdXZybnj2cv8OEd0A=="
				},
				"qs": {
						"version": "6.8.0",
						"resolved": "https://registry.npmjs.org/qs/-/qs-6.8.0.tgz",
						"integrity": "sha512-tPSkj8y92PfZVbinY1n84i1Qdx75lZjMQYx9WZhnkofyxzw2r7Ho39G3/aEvSUdebxpnnM4LZJCtvE/Aq3+s9w=="
				},
				"querystring": {
						"version": "0.2.0",
						"resolved": "https://registry.npmjs.org/querystring/-/querystring-0.2.0.tgz",
						"integrity": "sha1-sgmEkgO7Jd+CDadW50cAWHhSFiA="
				},
				"sax": {
						"version": "1.2.1",
						"resolved": "https://registry.npmjs.org/sax/-/sax-1.2.1.tgz",
						"integrity": "sha1-e45lYZCyKOgaZq6nSEgNgozS03o=",
						"dev": true
				},
				"setprototypeof": {
						"version": "1.1.1",
						"resolved": "https://registry.npmjs.org/setprototypeof/-/setprototypeof-1.1.1.tgz",
						"integrity": "sha512-JvdAWfbXeIGaZ9cILp38HntZSFSo3mWg6xGcJJsd+d4aRMOqauag1C63dJfDw7OaMYwEbHMOxEZ1lqVRYP2OAw=="
				},
				"statuses": {
						"version": "1.5.0",
						"resolved": "https://registry.npmjs.org/statuses/-/statuses-1.5.0.tgz",
						"integrity": "sha1-Fhx9rBd2Wf2YEfQ3cfqZOBR4Yow="
				},
				"streamsearch": {
						"version": "0.1.2",
						"resolved": "https://registry.npmjs.org/streamsearch/-/streamsearch-0.1.2.tgz",
						"integrity": "sha1-gIudDlb8Jz2Am6VzOOkpkZoanxo="
				},
				"toidentifier": {
						"version": "1.0.0",
						"resolved": "https://registry.npmjs.org/toidentifier/-/toidentifier-1.0.0.tgz",
						"integrity": "sha512-yaOH/Pk/VEhBWWTlhI+qXxDFXlejDGcQipMlyxda9nthulaxLZUNcUqFxokp0vcYnvteJln5FNQDRrxj3YcbVw=="
				},
				"uri-js": {
						"version": "4.2.2",
						"resolved": "https://registry.npmjs.org/uri-js/-/uri-js-4.2.2.tgz",
						"integrity": "sha512-KY9Frmirql91X2Qgjry0Wd4Y+YTdrdZheS8TFwvkbLWf/G5KNJDCh6pKL5OZctEW4+0Baa5idK2ZQuELRwPznQ==",
						"requires": {
								"punycode": "^2.1.0"
						}
				},
				"url": {
						"version": "0.10.3",
						"resolved": "https://registry.npmjs.org/url/-/url-0.10.3.tgz",
						"integrity": "sha1-Ah5NnHcF8hu/N9A861h2dAJ3TGQ=",
						"dev": true,
						"requires": {
								"punycode": "1.3.2",
								"querystring": "0.2.0"
						},
						"dependencies": {
								"punycode": {
										"version": "1.3.2",
										"resolved": "https://registry.npmjs.org/punycode/-/punycode-1.3.2.tgz",
										"integrity": "sha1-llOgNvt8HuQjQvIyXM7v6jkmxI0=",
										"dev": true
								}
						}
				},
				"uuid": {
						"version": "3.3.2",
						"resolved": "https://registry.npmjs.org/uuid/-/uuid-3.3.2.tgz",
						"integrity": "sha512-yXJmeNaw3DnnKAOKJE51sL/ZaYfWJRl1pK9dr19YFCu0ObS231AB1/LbqTKRAQ5kw8A90rA6fr4riOUpTZvQZA==",
						"dev": true
				},
				"wrappy": {
						"version": "1.0.2",
						"resolved": "https://registry.npmjs.org/wrappy/-/wrappy-1.0.2.tgz",
						"integrity": "sha1-tSQ9jz7BqjXxNkYFvA0QNuMKtp8="
				},
				"xml2js": {
						"version": "0.4.19",
						"resolved": "https://registry.npmjs.org/xml2js/-/xml2js-0.4.19.tgz",
						"integrity": "sha512-esZnJZJOiJR9wWKMyuvSE1y6Dq5LCuJanqhxslH2bxM6duahNZ+HMpCLhBQGZkbX6xRf8x1Y2eJlgt2q3qo49Q==",
						"dev": true,
						"requires": {
								"sax": ">=0.6.0",
								"xmlbuilder": "~9.0.1"
						}
				},
				"xmlbuilder": {
						"version": "9.0.7",
						"resolved": "https://registry.npmjs.org/xmlbuilder/-/xmlbuilder-9.0.7.tgz",
						"integrity": "sha1-Ey7mPS7FVlxVfiD0wi35rKaGsQ0=",
						"dev": true
				}
		}
}
